<?xml version="1.0" encoding="utf-8"?>
<Project ToolsVersion="4.0" xmlns="http://schemas.microsoft.com/developer/msbuild/2003">
  <ItemGroup>
    <Filter Include="Source Files">
      <UniqueIdentifier>{4FC737F1-C7A5-4376-A066-2A32D752A2FF}</UniqueIdentifier>
      <Extensions>cpp;c;cc;cxx;def;odl;idl;hpj;bat;asm;asmx</Extensions>
    </Filter>
    <Filter Include="Header Files">
      <UniqueIdentifier>{93995380-89BD-4b04-88EB-625FBE52EBFB}</UniqueIdentifier>
      <Extensions>h;hpp;hxx;hm;inl;inc;xsd</Extensions>
    </Filter>
    <Filter Include="Resource Files">
      <UniqueIdentifier>{67DA6AB6-F800-4c08-8B7A-83BB121AAD01}</UniqueIdentifier>
      <Extensions>rc;ico;cur;bmp;dlg;rc2;rct;bin;rgs;gif;jpg;jpeg;jpe;resx;tiff;tif;png;wav</Extensions>
    </Filter>
    <Filter Include="Blocks">
      <UniqueIdentifier>{BA672A33-578A-4310-8710-EC73729CFFAE}</UniqueIdentifier>
    </Filter>
    <Filter Include="Blocks\BluecadetText">
      <UniqueIdentifier>{A89E4B51-C0E7-4D79-B60B-DAE3F5818997}</UniqueIdentifier>
    </Filter>
    <Filter Include="Blocks\BluecadetText\src">
      <UniqueIdentifier>{1E9929B3-A1A0-4CC4-8FB9-BB51EAAAADAB}</UniqueIdentifier>
    </Filter>
    <Filter Include="Blocks\BluecadetText\src\bluecadet">
      <UniqueIdentifier>{9BB44F99-162A-48F2-88A5-DA671FF7BD68}</UniqueIdentifier>
    </Filter>
    <Filter Include="Blocks\BluecadetText\src\bluecadet\text">
      <UniqueIdentifier>{4A16A827-89AD-4005-AB42-217C561195DC}</UniqueIdentifier>
    </Filter>
    <Filter Include="Blocks\BluecadetUtils">
      <UniqueIdentifier>{21F663A2-24B3-42D3-93CD-ED90CA23553D}</UniqueIdentifier>
    </Filter>
    <Filter Include="Blocks\BluecadetUtils\src">
      <UniqueIdentifier>{CFD5C62F-5430-4748-9E71-3238A12A4F04}</UniqueIdentifier>
    </Filter>
    <Filter Include="Blocks\BluecadetUtils\src\bluecadet">
      <UniqueIdentifier>{08E49918-FF54-4FCC-B737-23E9C0ADC7CC}</UniqueIdentifier>
    </Filter>
    <Filter Include="Blocks\BluecadetUtils\src\bluecadet\utils">
      <UniqueIdentifier>{728C3F27-60E6-4F15-92C9-85474254BF5D}</UniqueIdentifier>
    </Filter>
    <Filter Include="Blocks\BluecadetViews">
      <UniqueIdentifier>{60F7EE78-3760-4AA8-A983-28784029FE65}</UniqueIdentifier>
    </Filter>
    <Filter Include="Blocks\BluecadetViews\src">
      <UniqueIdentifier>{5B91A150-6569-46E6-B425-C77E73429CCC}</UniqueIdentifier>
    </Filter>
    <Filter Include="Blocks\BluecadetViews\src\bluecadet">
      <UniqueIdentifier>{D5A3E8D4-4309-47DA-8D4C-18916DD85CE8}</UniqueIdentifier>
    </Filter>
    <Filter Include="Blocks\BluecadetViews\src\bluecadet\core">
      <UniqueIdentifier>{2ECD6FDA-C8D7-4C38-8C32-258918AF7691}</UniqueIdentifier>
    </Filter>
    <Filter Include="Blocks\BluecadetViews\src\bluecadet\views">
      <UniqueIdentifier>{7887CA2E-C808-4B59-85B2-CA42B68B5E27}</UniqueIdentifier>
    </Filter>
    <Filter Include="Blocks\BluecadetViews\src\bluecadet\touch">
      <UniqueIdentifier>{7CB49710-39E0-473A-9BBB-852FEFDF0EE9}</UniqueIdentifier>
    </Filter>
    <Filter Include="Blocks\BluecadetViews\src\bluecadet\touch\drivers">
      <UniqueIdentifier>{F16E008A-C5C0-476C-8B0F-C74DF9FD7A95}</UniqueIdentifier>
    </Filter>
    <Filter Include="Blocks\OSC">
      <UniqueIdentifier>{793EF74A-E229-4C1D-ACE0-40BA07160CBE}</UniqueIdentifier>
    </Filter>
    <Filter Include="Blocks\OSC\src">
      <UniqueIdentifier>{E576B9C6-FFD7-4955-A66F-58E874308D1D}</UniqueIdentifier>
    </Filter>
    <Filter Include="Blocks\OSC\src\cinder">
      <UniqueIdentifier>{6C0C3CAE-E5F2-4262-A613-4404724F21B4}</UniqueIdentifier>
    </Filter>
    <Filter Include="Blocks\OSC\src\cinder\osc">
      <UniqueIdentifier>{0DD5EE61-1B18-4FAC-BDB6-76A903D6B5C2}</UniqueIdentifier>
    </Filter>
    <Filter Include="Blocks\TUIO">
      <UniqueIdentifier>{B3631AE1-8664-431C-AAA5-2F88D05F8D0D}</UniqueIdentifier>
    </Filter>
    <Filter Include="Blocks\TUIO\src">
      <UniqueIdentifier>{55559B20-E444-4E81-9DEC-0D6E8BEAD7F1}</UniqueIdentifier>
    </Filter>
    <Filter Include="Blocks\TUIO\src\cinder">
      <UniqueIdentifier>{73345A3D-404D-42C3-9A03-7A207A980EF1}</UniqueIdentifier>
    </Filter>
    <Filter Include="Blocks\TUIO\src\cinder\tuio">
      <UniqueIdentifier>{0482F20B-B15D-4FEC-A428-5096472D88CF}</UniqueIdentifier>
    </Filter>
    <Filter Include="Source Files\models">
      <UniqueIdentifier>{4c308309-dba2-4458-b22f-8a06b856b713}</UniqueIdentifier>
    </Filter>
  </ItemGroup>
  <ItemGroup>
    <ClCompile Include="..\src\AMNHParsingApp.cpp">
      <Filter>Source Files</Filter>
    </ClCompile>
    <ClCompile Include="..\src\AMNHParsingApp.cpp">
      <Filter>Source Files</Filter>
    </ClCompile>
    <ClInclude Include="..\include\Resources.h">
      <Filter>Header Files</Filter>
    </ClInclude>
    <ClCompile Include="..\blocks\BluecadetText\src\bluecadet\text\FontManager.cpp">
      <Filter>Blocks\BluecadetText\src\bluecadet\text</Filter>
    </ClCompile>
    <ClCompile Include="..\blocks\BluecadetText\src\bluecadet\text\StyledTextLayout.cpp">
      <Filter>Blocks\BluecadetText\src\bluecadet\text</Filter>
    </ClCompile>
    <ClCompile Include="..\blocks\BluecadetText\src\bluecadet\text\StyledTextParser.cpp">
      <Filter>Blocks\BluecadetText\src\bluecadet\text</Filter>
    </ClCompile>
    <ClCompile Include="..\blocks\BluecadetText\src\bluecadet\text\StyleManager.cpp">
      <Filter>Blocks\BluecadetText\src\bluecadet\text</Filter>
    </ClCompile>
    <ClInclude Include="..\blocks\BluecadetText\src\bluecadet\text\FontManager.h">
      <Filter>Blocks\BluecadetText\src\bluecadet\text</Filter>
    </ClInclude>
    <ClInclude Include="..\blocks\BluecadetText\src\bluecadet\text\StyledTextLayout.h">
      <Filter>Blocks\BluecadetText\src\bluecadet\text</Filter>
    </ClInclude>
    <ClInclude Include="..\blocks\BluecadetText\src\bluecadet\text\StyledTextParser.h">
      <Filter>Blocks\BluecadetText\src\bluecadet\text</Filter>
    </ClInclude>
    <ClInclude Include="..\blocks\BluecadetText\src\bluecadet\text\StyleManager.h">
      <Filter>Blocks\BluecadetText\src\bluecadet\text</Filter>
    </ClInclude>
    <ClInclude Include="..\blocks\BluecadetText\src\bluecadet\text\Text.h">
      <Filter>Blocks\BluecadetText\src\bluecadet\text</Filter>
    </ClInclude>
    <ClCompile Include="..\blocks\BluecadetUtils\src\bluecadet\utils\AsyncImageLoader.cpp">
      <Filter>Blocks\BluecadetUtils\src\bluecadet\utils</Filter>
    </ClCompile>
    <ClCompile Include="..\blocks\BluecadetUtils\src\bluecadet\utils\FileUtils.cpp">
      <Filter>Blocks\BluecadetUtils\src\bluecadet\utils</Filter>
    </ClCompile>
    <ClCompile Include="..\blocks\BluecadetUtils\src\bluecadet\utils\Histogram.cpp">
      <Filter>Blocks\BluecadetUtils\src\bluecadet\utils</Filter>
    </ClCompile>
    <ClCompile Include="..\blocks\BluecadetUtils\src\bluecadet\utils\ImageManager.cpp">
      <Filter>Blocks\BluecadetUtils\src\bluecadet\utils</Filter>
    </ClCompile>
    <ClCompile Include="..\blocks\BluecadetUtils\src\bluecadet\utils\ShaderManager.cpp">
      <Filter>Blocks\BluecadetUtils\src\bluecadet\utils</Filter>
    </ClCompile>
    <ClCompile Include="..\blocks\BluecadetUtils\src\bluecadet\utils\ThreadedTaskQueue.cpp">
      <Filter>Blocks\BluecadetUtils\src\bluecadet\utils</Filter>
    </ClCompile>
    <ClCompile Include="..\blocks\BluecadetUtils\src\bluecadet\utils\TimedTaskQueue.cpp">
      <Filter>Blocks\BluecadetUtils\src\bluecadet\utils</Filter>
    </ClCompile>
    <ClInclude Include="..\blocks\BluecadetUtils\src\bluecadet\utils\AsyncImageLoader.h">
      <Filter>Blocks\BluecadetUtils\src\bluecadet\utils</Filter>
    </ClInclude>
    <ClInclude Include="..\blocks\BluecadetUtils\src\bluecadet\utils\FileUtils.h">
      <Filter>Blocks\BluecadetUtils\src\bluecadet\utils</Filter>
    </ClInclude>
    <ClInclude Include="..\blocks\BluecadetUtils\src\bluecadet\utils\Histogram.h">
      <Filter>Blocks\BluecadetUtils\src\bluecadet\utils</Filter>
    </ClInclude>
    <ClInclude Include="..\blocks\BluecadetUtils\src\bluecadet\utils\ImageManager.h">
      <Filter>Blocks\BluecadetUtils\src\bluecadet\utils</Filter>
    </ClInclude>
    <ClInclude Include="..\blocks\BluecadetUtils\src\bluecadet\utils\ShaderManager.h">
      <Filter>Blocks\BluecadetUtils\src\bluecadet\utils</Filter>
    </ClInclude>
    <ClInclude Include="..\blocks\BluecadetUtils\src\bluecadet\utils\ThreadedTaskQueue.h">
      <Filter>Blocks\BluecadetUtils\src\bluecadet\utils</Filter>
    </ClInclude>
    <ClInclude Include="..\blocks\BluecadetUtils\src\bluecadet\utils\TimedTaskQueue.h">
      <Filter>Blocks\BluecadetUtils\src\bluecadet\utils</Filter>
    </ClInclude>
    <ClInclude Include="..\blocks\BluecadetViews\src\bluecadet\core\BaseApp.h">
      <Filter>Blocks\BluecadetViews\src\bluecadet\core</Filter>
    </ClInclude>
    <ClInclude Include="..\blocks\BluecadetViews\src\bluecadet\core\ScreenCamera.h">
      <Filter>Blocks\BluecadetViews\src\bluecadet\core</Filter>
    </ClInclude>
    <ClInclude Include="..\blocks\BluecadetViews\src\bluecadet\core\ScreenLayout.h">
      <Filter>Blocks\BluecadetViews\src\bluecadet\core</Filter>
    </ClInclude>
    <ClInclude Include="..\blocks\BluecadetViews\src\bluecadet\core\SettingsManager.h">
      <Filter>Blocks\BluecadetViews\src\bluecadet\core</Filter>
    </ClInclude>
    <ClCompile Include="..\blocks\BluecadetViews\src\bluecadet\core\BaseApp.cpp">
      <Filter>Blocks\BluecadetViews\src\bluecadet\core</Filter>
    </ClCompile>
    <ClCompile Include="..\blocks\BluecadetViews\src\bluecadet\core\ScreenCamera.cpp">
      <Filter>Blocks\BluecadetViews\src\bluecadet\core</Filter>
    </ClCompile>
    <ClCompile Include="..\blocks\BluecadetViews\src\bluecadet\core\ScreenLayout.cpp">
      <Filter>Blocks\BluecadetViews\src\bluecadet\core</Filter>
    </ClCompile>
    <ClCompile Include="..\blocks\BluecadetViews\src\bluecadet\core\SettingsManager.cpp">
      <Filter>Blocks\BluecadetViews\src\bluecadet\core</Filter>
    </ClCompile>
    <ClInclude Include="..\blocks\BluecadetViews\src\bluecadet\views\AnimatedView.h">
      <Filter>Blocks\BluecadetViews\src\bluecadet\views</Filter>
    </ClInclude>
    <ClInclude Include="..\blocks\BluecadetViews\src\bluecadet\views\AnimOperators.h">
      <Filter>Blocks\BluecadetViews\src\bluecadet\views</Filter>
    </ClInclude>
    <ClInclude Include="..\blocks\BluecadetViews\src\bluecadet\views\ArcView.h">
      <Filter>Blocks\BluecadetViews\src\bluecadet\views</Filter>
    </ClInclude>
    <ClInclude Include="..\blocks\BluecadetViews\src\bluecadet\views\BaseView.h">
      <Filter>Blocks\BluecadetViews\src\bluecadet\views</Filter>
    </ClInclude>
    <ClInclude Include="..\blocks\BluecadetViews\src\bluecadet\views\EllipseView.h">
      <Filter>Blocks\BluecadetViews\src\bluecadet\views</Filter>
    </ClInclude>
    <ClInclude Include="..\blocks\BluecadetViews\src\bluecadet\views\FboView.h">
      <Filter>Blocks\BluecadetViews\src\bluecadet\views</Filter>
    </ClInclude>
    <ClInclude Include="..\blocks\BluecadetViews\src\bluecadet\views\GraphView.h">
      <Filter>Blocks\BluecadetViews\src\bluecadet\views</Filter>
    </ClInclude>
    <ClInclude Include="..\blocks\BluecadetViews\src\bluecadet\views\ImageView.h">
      <Filter>Blocks\BluecadetViews\src\bluecadet\views</Filter>
    </ClInclude>
    <ClInclude Include="..\blocks\BluecadetViews\src\bluecadet\views\LineView.h">
      <Filter>Blocks\BluecadetViews\src\bluecadet\views</Filter>
    </ClInclude>
    <ClInclude Include="..\blocks\BluecadetViews\src\bluecadet\views\MaskView.h">
      <Filter>Blocks\BluecadetViews\src\bluecadet\views</Filter>
    </ClInclude>
    <ClInclude Include="..\blocks\BluecadetViews\src\bluecadet\views\MiniMapView.h">
      <Filter>Blocks\BluecadetViews\src\bluecadet\views</Filter>
    </ClInclude>
    <ClInclude Include="..\blocks\BluecadetViews\src\bluecadet\views\StatsView.h">
      <Filter>Blocks\BluecadetViews\src\bluecadet\views</Filter>
    </ClInclude>
    <ClInclude Include="..\blocks\BluecadetViews\src\bluecadet\views\StrokedCircleView.h">
      <Filter>Blocks\BluecadetViews\src\bluecadet\views</Filter>
    </ClInclude>
    <ClInclude Include="..\blocks\BluecadetViews\src\bluecadet\views\StrokedRectView.h">
      <Filter>Blocks\BluecadetViews\src\bluecadet\views</Filter>
    </ClInclude>
    <ClInclude Include="..\blocks\BluecadetViews\src\bluecadet\views\TextView.h">
      <Filter>Blocks\BluecadetViews\src\bluecadet\views</Filter>
    </ClInclude>
    <ClInclude Include="..\blocks\BluecadetViews\src\bluecadet\views\TouchView.h">
      <Filter>Blocks\BluecadetViews\src\bluecadet\views</Filter>
    </ClInclude>
    <ClInclude Include="..\blocks\BluecadetViews\src\bluecadet\views\ViewEvent.h">
      <Filter>Blocks\BluecadetViews\src\bluecadet\views</Filter>
    </ClInclude>
    <ClCompile Include="..\blocks\BluecadetViews\src\bluecadet\views\AnimatedView.cpp">
      <Filter>Blocks\BluecadetViews\src\bluecadet\views</Filter>
    </ClCompile>
    <ClCompile Include="..\blocks\BluecadetViews\src\bluecadet\views\ArcView.cpp">
      <Filter>Blocks\BluecadetViews\src\bluecadet\views</Filter>
    </ClCompile>
    <ClCompile Include="..\blocks\BluecadetViews\src\bluecadet\views\BaseView.cpp">
      <Filter>Blocks\BluecadetViews\src\bluecadet\views</Filter>
    </ClCompile>
    <ClCompile Include="..\blocks\BluecadetViews\src\bluecadet\views\EllipseView.cpp">
      <Filter>Blocks\BluecadetViews\src\bluecadet\views</Filter>
    </ClCompile>
    <ClCompile Include="..\blocks\BluecadetViews\src\bluecadet\views\FboView.cpp">
      <Filter>Blocks\BluecadetViews\src\bluecadet\views</Filter>
    </ClCompile>
    <ClCompile Include="..\blocks\BluecadetViews\src\bluecadet\views\GraphView.cpp">
      <Filter>Blocks\BluecadetViews\src\bluecadet\views</Filter>
    </ClCompile>
    <ClCompile Include="..\blocks\BluecadetViews\src\bluecadet\views\ImageView.cpp">
      <Filter>Blocks\BluecadetViews\src\bluecadet\views</Filter>
    </ClCompile>
    <ClCompile Include="..\blocks\BluecadetViews\src\bluecadet\views\LineView.cpp">
      <Filter>Blocks\BluecadetViews\src\bluecadet\views</Filter>
    </ClCompile>
    <ClCompile Include="..\blocks\BluecadetViews\src\bluecadet\views\MaskView.cpp">
      <Filter>Blocks\BluecadetViews\src\bluecadet\views</Filter>
    </ClCompile>
    <ClCompile Include="..\blocks\BluecadetViews\src\bluecadet\views\MiniMapView.cpp">
      <Filter>Blocks\BluecadetViews\src\bluecadet\views</Filter>
    </ClCompile>
    <ClCompile Include="..\blocks\BluecadetViews\src\bluecadet\views\StatsView.cpp">
      <Filter>Blocks\BluecadetViews\src\bluecadet\views</Filter>
    </ClCompile>
    <ClCompile Include="..\blocks\BluecadetViews\src\bluecadet\views\StrokedCircleView.cpp">
      <Filter>Blocks\BluecadetViews\src\bluecadet\views</Filter>
    </ClCompile>
    <ClCompile Include="..\blocks\BluecadetViews\src\bluecadet\views\StrokedRectView.cpp">
      <Filter>Blocks\BluecadetViews\src\bluecadet\views</Filter>
    </ClCompile>
    <ClCompile Include="..\blocks\BluecadetViews\src\bluecadet\views\TextView.cpp">
      <Filter>Blocks\BluecadetViews\src\bluecadet\views</Filter>
    </ClCompile>
    <ClCompile Include="..\blocks\BluecadetViews\src\bluecadet\views\TouchView.cpp">
      <Filter>Blocks\BluecadetViews\src\bluecadet\views</Filter>
    </ClCompile>
    <ClCompile Include="..\blocks\BluecadetViews\src\bluecadet\views\ViewEvent.cpp">
      <Filter>Blocks\BluecadetViews\src\bluecadet\views</Filter>
    </ClCompile>
    <ClInclude Include="..\blocks\BluecadetViews\src\bluecadet\touch\Touch.h">
      <Filter>Blocks\BluecadetViews\src\bluecadet\touch</Filter>
    </ClInclude>
    <ClInclude Include="..\blocks\BluecadetViews\src\bluecadet\touch\TouchManager.h">
      <Filter>Blocks\BluecadetViews\src\bluecadet\touch</Filter>
    </ClInclude>
    <ClInclude Include="..\blocks\BluecadetViews\src\bluecadet\touch\TouchManagerPlugin.h">
      <Filter>Blocks\BluecadetViews\src\bluecadet\touch</Filter>
    </ClInclude>
    <ClCompile Include="..\blocks\BluecadetViews\src\bluecadet\touch\Touch.cpp">
      <Filter>Blocks\BluecadetViews\src\bluecadet\touch</Filter>
    </ClCompile>
    <ClCompile Include="..\blocks\BluecadetViews\src\bluecadet\touch\TouchManager.cpp">
      <Filter>Blocks\BluecadetViews\src\bluecadet\touch</Filter>
    </ClCompile>
    <ClInclude Include="..\blocks\BluecadetViews\src\bluecadet\touch\drivers\MouseDriver.h">
      <Filter>Blocks\BluecadetViews\src\bluecadet\touch\drivers</Filter>
    </ClInclude>
    <ClInclude Include="..\blocks\BluecadetViews\src\bluecadet\touch\drivers\NativeTouchDriver.h">
      <Filter>Blocks\BluecadetViews\src\bluecadet\touch\drivers</Filter>
    </ClInclude>
    <ClInclude Include="..\blocks\BluecadetViews\src\bluecadet\touch\drivers\SimulatedTouchDriver.h">
      <Filter>Blocks\BluecadetViews\src\bluecadet\touch\drivers</Filter>
    </ClInclude>
    <ClInclude Include="..\blocks\BluecadetViews\src\bluecadet\touch\drivers\TuioDriver.h">
      <Filter>Blocks\BluecadetViews\src\bluecadet\touch\drivers</Filter>
    </ClInclude>
    <ClCompile Include="..\blocks\BluecadetViews\src\bluecadet\touch\drivers\MouseDriver.cpp">
      <Filter>Blocks\BluecadetViews\src\bluecadet\touch\drivers</Filter>
    </ClCompile>
    <ClCompile Include="..\blocks\BluecadetViews\src\bluecadet\touch\drivers\NativeTouchDriver.cpp">
      <Filter>Blocks\BluecadetViews\src\bluecadet\touch\drivers</Filter>
    </ClCompile>
    <ClCompile Include="..\blocks\BluecadetViews\src\bluecadet\touch\drivers\SimulatedTouchDriver.cpp">
      <Filter>Blocks\BluecadetViews\src\bluecadet\touch\drivers</Filter>
    </ClCompile>
    <ClCompile Include="..\blocks\BluecadetViews\src\bluecadet\touch\drivers\TuioDriver.cpp">
      <Filter>Blocks\BluecadetViews\src\bluecadet\touch\drivers</Filter>
    </ClCompile>
    <ClCompile Include="..\..\..\Cinder\blocks\OSC\src\cinder\osc\Osc.cpp">
      <Filter>Blocks\OSC\src\cinder\osc</Filter>
    </ClCompile>
    <ClInclude Include="..\..\..\Cinder\blocks\OSC\src\cinder\osc\Osc.h">
      <Filter>Blocks\OSC\src\cinder\osc</Filter>
    </ClInclude>
    <ClCompile Include="..\..\..\Cinder\blocks\TUIO\src\cinder\tuio\Tuio.cpp">
      <Filter>Blocks\TUIO\src\cinder\tuio</Filter>
    </ClCompile>
    <ClInclude Include="..\..\..\Cinder\blocks\TUIO\src\cinder\tuio\Tuio.h">
      <Filter>Blocks\TUIO\src\cinder\tuio</Filter>
    </ClInclude>
    <ClCompile Include="..\src\Parser.cpp">
      <Filter>Source Files</Filter>
    </ClCompile>
    <ClCompile Include="..\src\models\HurricaneModel.cpp">
      <Filter>Source Files\models</Filter>
    </ClCompile>
    <ClCompile Include="..\src\models\DrifterModel.cpp">
      <Filter>Source Files\models</Filter>
    </ClCompile>
  </ItemGroup>
  <ItemGroup>
    <ClInclude Include="..\include\Resources.h">
      <Filter>Header Files</Filter>
    </ClInclude>
    <ClInclude Include="..\src\Parser.h">
      <Filter>Source Files</Filter>
    </ClInclude>
    <ClInclude Include="..\src\models\HurricaneModel.h">
      <Filter>Source Files\models</Filter>
    </ClInclude>
    <ClInclude Include="..\src\models\DrifterModel.h">
      <Filter>Source Files\models</Filter>
    </ClInclude>
  </ItemGroup>
  <ItemGroup>
    <ResourceCompile Include="Resources.rc">
      <Filter>Resource Files</Filter>
    </ResourceCompile>
  </ItemGroup>
</Project>
